// !$*UTF8*$!
{
	archiveVersion = 1;
	classes = {
	};
	objectVersion = 46;
	objects = {

/* Begin PBXBuildFile section */
		E141771B1DE00E550047731E /* AppDelegate.swift in Sources */ = {isa = PBXBuildFile; fileRef = E141771A1DE00E550047731E /* AppDelegate.swift */; };
		E141771D1DE00E550047731E /* PhotoCollectionViewController.swift in Sources */ = {isa = PBXBuildFile; fileRef = E141771C1DE00E550047731E /* PhotoCollectionViewController.swift */; };
		E14177201DE00E550047731E /* Main.storyboard in Resources */ = {isa = PBXBuildFile; fileRef = E141771E1DE00E550047731E /* Main.storyboard */; };
		E14177221DE00E550047731E /* Assets.xcassets in Resources */ = {isa = PBXBuildFile; fileRef = E14177211DE00E550047731E /* Assets.xcassets */; };
		E14177251DE00E550047731E /* LaunchScreen.storyboard in Resources */ = {isa = PBXBuildFile; fileRef = E14177231DE00E550047731E /* LaunchScreen.storyboard */; };
		E14177301DE00E550047731E /* PracticePintarestTests.swift in Sources */ = {isa = PBXBuildFile; fileRef = E141772F1DE00E550047731E /* PracticePintarestTests.swift */; };
		E141773B1DE00E550047731E /* PracticePinterestUITests.swift in Sources */ = {isa = PBXBuildFile; fileRef = E141773A1DE00E550047731E /* PracticePinterestUITests.swift */; };
		E14177531DE010D10047731E /* Photos.xcassets in Resources */ = {isa = PBXBuildFile; fileRef = E14177521DE010D10047731E /* Photos.xcassets */; };
		E14177551DE011420047731E /* photos.plist in Resources */ = {isa = PBXBuildFile; fileRef = E14177541DE011420047731E /* photos.plist */; };
		E14177571DE012E50047731E /* PinterestLayout.swift in Sources */ = {isa = PBXBuildFile; fileRef = E14177561DE012E50047731E /* PinterestLayout.swift */; };
		E14177591DE013700047731E /* Photo.swift in Sources */ = {isa = PBXBuildFile; fileRef = E14177581DE013700047731E /* Photo.swift */; };
		E141775B1DE019E00047731E /* AnnotatedPhotoCell.swift in Sources */ = {isa = PBXBuildFile; fileRef = E141775A1DE019E00047731E /* AnnotatedPhotoCell.swift */; };
		E141775D1DE01B7C0047731E /* PhotoBoardView.swift in Sources */ = {isa = PBXBuildFile; fileRef = E141775C1DE01B7C0047731E /* PhotoBoardView.swift */; };
		E14177601DE01CA00047731E /* ZoomedPhotoViewController.swift in Sources */ = {isa = PBXBuildFile; fileRef = E141775F1DE01CA00047731E /* ZoomedPhotoViewController.swift */; };
		E14177641DE01F6E0047731E /* UIImage+Decompression.swift in Sources */ = {isa = PBXBuildFile; fileRef = E14177631DE01F6E0047731E /* UIImage+Decompression.swift */; };
/* End PBXBuildFile section */

/* Begin PBXContainerItemProxy section */
		E141772C1DE00E550047731E /* PBXContainerItemProxy */ = {
			isa = PBXContainerItemProxy;
			containerPortal = E141770F1DE00E550047731E /* Project object */;
			proxyType = 1;
			remoteGlobalIDString = E14177161DE00E550047731E;
			remoteInfo = PracticePintarest;
		};
		E14177371DE00E550047731E /* PBXContainerItemProxy */ = {
			isa = PBXContainerItemProxy;
			containerPortal = E141770F1DE00E550047731E /* Project object */;
			proxyType = 1;
			remoteGlobalIDString = E14177161DE00E550047731E;
			remoteInfo = PracticePintarest;
		};
/* End PBXContainerItemProxy section */

/* Begin PBXFileReference section */
		E14177171DE00E550047731E /* PracticePinterest.app */ = {isa = PBXFileReference; explicitFileType = wrapper.application; includeInIndex = 0; path = PracticePinterest.app; sourceTree = BUILT_PRODUCTS_DIR; };
		E141771A1DE00E550047731E /* AppDelegate.swift */ = {isa = PBXFileReference; lastKnownFileType = sourcecode.swift; path = AppDelegate.swift; sourceTree = "<group>"; };
		E141771C1DE00E550047731E /* PhotoCollectionViewController.swift */ = {isa = PBXFileReference; lastKnownFileType = sourcecode.swift; path = PhotoCollectionViewController.swift; sourceTree = "<group>"; };
		E141771F1DE00E550047731E /* Base */ = {isa = PBXFileReference; lastKnownFileType = file.storyboard; name = Base; path = Base.lproj/Main.storyboard; sourceTree = "<group>"; };
		E14177211DE00E550047731E /* Assets.xcassets */ = {isa = PBXFileReference; lastKnownFileType = folder.assetcatalog; path = Assets.xcassets; sourceTree = "<group>"; };
		E14177241DE00E550047731E /* Base */ = {isa = PBXFileReference; lastKnownFileType = file.storyboard; name = Base; path = Base.lproj/LaunchScreen.storyboard; sourceTree = "<group>"; };
		E14177261DE00E550047731E /* Info.plist */ = {isa = PBXFileReference; lastKnownFileType = text.plist.xml; path = Info.plist; sourceTree = "<group>"; };
		E141772B1DE00E550047731E /* PracticePinterest.xctest */ = {isa = PBXFileReference; explicitFileType = wrapper.cfbundle; includeInIndex = 0; path = PracticePinterest.xctest; sourceTree = BUILT_PRODUCTS_DIR; };
		E141772F1DE00E550047731E /* PracticePintarestTests.swift */ = {isa = PBXFileReference; lastKnownFileType = sourcecode.swift; path = PracticePintarestTests.swift; sourceTree = "<group>"; };
		E14177311DE00E550047731E /* Info.plist */ = {isa = PBXFileReference; lastKnownFileType = text.plist.xml; path = Info.plist; sourceTree = "<group>"; };
		E14177361DE00E550047731E /* PracticePinterest.xctest */ = {isa = PBXFileReference; explicitFileType = wrapper.cfbundle; includeInIndex = 0; path = PracticePinterest.xctest; sourceTree = BUILT_PRODUCTS_DIR; };
		E141773A1DE00E550047731E /* PracticePinterestUITests.swift */ = {isa = PBXFileReference; lastKnownFileType = sourcecode.swift; path = PracticePinterestUITests.swift; sourceTree = "<group>"; };
		E141773C1DE00E550047731E /* Info.plist */ = {isa = PBXFileReference; lastKnownFileType = text.plist.xml; path = Info.plist; sourceTree = "<group>"; };
		E14177521DE010D10047731E /* Photos.xcassets */ = {isa = PBXFileReference; lastKnownFileType = folder.assetcatalog; path = Photos.xcassets; sourceTree = "<group>"; };
		E14177541DE011420047731E /* photos.plist */ = {isa = PBXFileReference; fileEncoding = 4; lastKnownFileType = text.plist.xml; name = photos.plist; path = ../../../../../Downloads/Resource/photos.plist; sourceTree = "<group>"; };
		E14177561DE012E50047731E /* PinterestLayout.swift */ = {isa = PBXFileReference; fileEncoding = 4; lastKnownFileType = sourcecode.swift; path = PinterestLayout.swift; sourceTree = "<group>"; };
		E14177581DE013700047731E /* Photo.swift */ = {isa = PBXFileReference; fileEncoding = 4; lastKnownFileType = sourcecode.swift; path = Photo.swift; sourceTree = "<group>"; };
		E141775A1DE019E00047731E /* AnnotatedPhotoCell.swift */ = {isa = PBXFileReference; fileEncoding = 4; lastKnownFileType = sourcecode.swift; path = AnnotatedPhotoCell.swift; sourceTree = "<group>"; };
		E141775C1DE01B7C0047731E /* PhotoBoardView.swift */ = {isa = PBXFileReference; fileEncoding = 4; lastKnownFileType = sourcecode.swift; path = PhotoBoardView.swift; sourceTree = "<group>"; };
		E141775F1DE01CA00047731E /* ZoomedPhotoViewController.swift */ = {isa = PBXFileReference; fileEncoding = 4; lastKnownFileType = sourcecode.swift; path = ZoomedPhotoViewController.swift; sourceTree = "<group>"; };
		E14177631DE01F6E0047731E /* UIImage+Decompression.swift */ = {isa = PBXFileReference; fileEncoding = 4; lastKnownFileType = sourcecode.swift; path = "UIImage+Decompression.swift"; sourceTree = "<group>"; };
/* End PBXFileReference section */

/* Begin PBXFrameworksBuildPhase section */
		E14177141DE00E550047731E /* Frameworks */ = {
			isa = PBXFrameworksBuildPhase;
			buildActionMask = 2147483647;
			files = (
			);
			runOnlyForDeploymentPostprocessing = 0;
		};
		E14177281DE00E550047731E /* Frameworks */ = {
			isa = PBXFrameworksBuildPhase;
			buildActionMask = 2147483647;
			files = (
			);
			runOnlyForDeploymentPostprocessing = 0;
		};
		E14177331DE00E550047731E /* Frameworks */ = {
			isa = PBXFrameworksBuildPhase;
			buildActionMask = 2147483647;
			files = (
			);
			runOnlyForDeploymentPostprocessing = 0;
		};
/* End PBXFrameworksBuildPhase section */

/* Begin PBXGroup section */
		E141770E1DE00E550047731E = {
			isa = PBXGroup;
			children = (
				E14177191DE00E550047731E /* PracticePinterest */,
				E141772E1DE00E550047731E /* PracticePinterestTests */,
				E14177391DE00E550047731E /* PracticePinterestUITests */,
				E14177181DE00E550047731E /* Products */,
			);
			sourceTree = "<group>";
		};
		E14177181DE00E550047731E /* Products */ = {
			isa = PBXGroup;
			children = (
				E14177171DE00E550047731E /* PracticePinterest.app */,
				E141772B1DE00E550047731E /* PracticePinterest.xctest */,
				E14177361DE00E550047731E /* PracticePinterest.xctest */,
			);
			name = Products;
			sourceTree = "<group>";
		};
		E14177191DE00E550047731E /* PracticePinterest */ = {
			isa = PBXGroup;
			children = (
				E141775E1DE01C620047731E /* Extensions */,
				E141774F1DE010340047731E /* SupportingFiles */,
				E141774E1DE010130047731E /* Assets */,
				E141774D1DE00FF40047731E /* Storyboards */,
				E141774C1DE00FDF0047731E /* Delegates */,
				E141774B1DE00FCA0047731E /* Models */,
				E141774A1DE00FC10047731E /* Layouts */,
				E14177491DE00FB80047731E /* Controllers */,
				E14177481DE00FAE0047731E /* Views */,
			);
			name = PracticePinterest;
			path = PracticePintarest;
			sourceTree = "<group>";
		};
		E141772E1DE00E550047731E /* PracticePinterestTests */ = {
			isa = PBXGroup;
			children = (
				E141772F1DE00E550047731E /* PracticePintarestTests.swift */,
				E14177311DE00E550047731E /* Info.plist */,
			);
			name = PracticePinterestTests;
			path = PracticePintarestTests;
			sourceTree = "<group>";
		};
		E14177391DE00E550047731E /* PracticePinterestUITests */ = {
			isa = PBXGroup;
			children = (
				E141773A1DE00E550047731E /* PracticePinterestUITests.swift */,
				E141773C1DE00E550047731E /* Info.plist */,
			);
			name = PracticePinterestUITests;
			path = PracticePintarestUITests;
			sourceTree = "<group>";
		};
		E14177481DE00FAE0047731E /* Views */ = {
			isa = PBXGroup;
			children = (
				E141775A1DE019E00047731E /* AnnotatedPhotoCell.swift */,
				E141775C1DE01B7C0047731E /* PhotoBoardView.swift */,
			);
			name = Views;
			sourceTree = "<group>";
		};
		E14177491DE00FB80047731E /* Controllers */ = {
			isa = PBXGroup;
			children = (
				E141771C1DE00E550047731E /* PhotoCollectionViewController.swift */,
				E141775F1DE01CA00047731E /* ZoomedPhotoViewController.swift */,
			);
			name = Controllers;
			sourceTree = "<group>";
		};
		E141774A1DE00FC10047731E /* Layouts */ = {
			isa = PBXGroup;
			children = (
				E14177561DE012E50047731E /* PinterestLayout.swift */,
			);
			name = Layouts;
			sourceTree = "<group>";
		};
		E141774B1DE00FCA0047731E /* Models */ = {
			isa = PBXGroup;
			children = (
				E14177581DE013700047731E /* Photo.swift */,
			);
			name = Models;
			sourceTree = "<group>";
		};
		E141774C1DE00FDF0047731E /* Delegates */ = {
			isa = PBXGroup;
			children = (
				E141771A1DE00E550047731E /* AppDelegate.swift */,
			);
			name = Delegates;
			sourceTree = "<group>";
		};
		E141774D1DE00FF40047731E /* Storyboards */ = {
			isa = PBXGroup;
			children = (
				E141771E1DE00E550047731E /* Main.storyboard */,
				E14177231DE00E550047731E /* LaunchScreen.storyboard */,
			);
			name = Storyboards;
			sourceTree = "<group>";
		};
		E141774E1DE010130047731E /* Assets */ = {
			isa = PBXGroup;
			children = (
				E14177541DE011420047731E /* photos.plist */,
				E14177211DE00E550047731E /* Assets.xcassets */,
				E14177521DE010D10047731E /* Photos.xcassets */,
			);
			name = Assets;
			sourceTree = "<group>";
		};
		E141774F1DE010340047731E /* SupportingFiles */ = {
			isa = PBXGroup;
			children = (
				E14177261DE00E550047731E /* Info.plist */,
			);
			name = SupportingFiles;
			sourceTree = "<group>";
		};
		E141775E1DE01C620047731E /* Extensions */ = {
			isa = PBXGroup;
			children = (
				E14177631DE01F6E0047731E /* UIImage+Decompression.swift */,
			);
			name = Extensions;
			sourceTree = "<group>";
		};
/* End PBXGroup section */

/* Begin PBXNativeTarget section */
		E14177161DE00E550047731E /* PracticePinterest */ = {
			isa = PBXNativeTarget;
			buildConfigurationList = E141773F1DE00E550047731E /* Build configuration list for PBXNativeTarget "PracticePinterest" */;
			buildPhases = (
				E14177131DE00E550047731E /* Sources */,
				E14177141DE00E550047731E /* Frameworks */,
				E14177151DE00E550047731E /* Resources */,
			);
			buildRules = (
			);
			dependencies = (
			);
			name = PracticePinterest;
			productName = PracticePintarest;
			productReference = E14177171DE00E550047731E /* PracticePinterest.app */;
			productType = "com.apple.product-type.application";
		};
		E141772A1DE00E550047731E /* PracticePinterestTests */ = {
			isa = PBXNativeTarget;
			buildConfigurationList = E14177421DE00E550047731E /* Build configuration list for PBXNativeTarget "PracticePinterestTests" */;
			buildPhases = (
				E14177271DE00E550047731E /* Sources */,
				E14177281DE00E550047731E /* Frameworks */,
				E14177291DE00E550047731E /* Resources */,
			);
			buildRules = (
			);
			dependencies = (
				E141772D1DE00E550047731E /* PBXTargetDependency */,
			);
			name = PracticePinterestTests;
			productName = PracticePintarestTests;
			productReference = E141772B1DE00E550047731E /* PracticePinterest.xctest */;
			productType = "com.apple.product-type.bundle.unit-test";
		};
		E14177351DE00E550047731E /* PracticePinterestUITests */ = {
			isa = PBXNativeTarget;
			buildConfigurationList = E14177451DE00E550047731E /* Build configuration list for PBXNativeTarget "PracticePinterestUITests" */;
			buildPhases = (
				E14177321DE00E550047731E /* Sources */,
				E14177331DE00E550047731E /* Frameworks */,
				E14177341DE00E550047731E /* Resources */,
			);
			buildRules = (
			);
			dependencies = (
				E14177381DE00E550047731E /* PBXTargetDependency */,
			);
			name = PracticePinterestUITests;
			productName = PracticePintarestUITests;
			productReference = E14177361DE00E550047731E /* PracticePinterest.xctest */;
			productType = "com.apple.product-type.bundle.ui-testing";
		};
/* End PBXNativeTarget section */

/* Begin PBXProject section */
		E141770F1DE00E550047731E /* Project object */ = {
			isa = PBXProject;
			attributes = {
				LastSwiftUpdateCheck = 0730;
				LastUpgradeCheck = 0730;
				ORGANIZATIONNAME = Kohey;
				TargetAttributes = {
					E14177161DE00E550047731E = {
						CreatedOnToolsVersion = 7.3.1;
						DevelopmentTeam = 9D8UR7H9D4;
					};
					E141772A1DE00E550047731E = {
						CreatedOnToolsVersion = 7.3.1;
						TestTargetID = E14177161DE00E550047731E;
					};
					E14177351DE00E550047731E = {
						CreatedOnToolsVersion = 7.3.1;
						TestTargetID = E14177161DE00E550047731E;
					};
				};
			};
			buildConfigurationList = E14177121DE00E550047731E /* Build configuration list for PBXProject "PracticePinterest" */;
			compatibilityVersion = "Xcode 3.2";
			developmentRegion = English;
			hasScannedForEncodings = 0;
			knownRegions = (
				en,
				Base,
			);
			mainGroup = E141770E1DE00E550047731E;
			productRefGroup = E14177181DE00E550047731E /* Products */;
			projectDirPath = "";
			projectRoot = "";
			targets = (
				E14177161DE00E550047731E /* PracticePinterest */,
				E141772A1DE00E550047731E /* PracticePinterestTests */,
				E14177351DE00E550047731E /* PracticePinterestUITests */,
			);
		};
/* End PBXProject section */

/* Begin PBXResourcesBuildPhase section */
		E14177151DE00E550047731E /* Resources */ = {
			isa = PBXResourcesBuildPhase;
			buildActionMask = 2147483647;
			files = (
				E14177551DE011420047731E /* photos.plist in Resources */,
				E14177251DE00E550047731E /* LaunchScreen.storyboard in Resources */,
				E14177221DE00E550047731E /* Assets.xcassets in Resources */,
				E14177201DE00E550047731E /* Main.storyboard in Resources */,
				E14177531DE010D10047731E /* Photos.xcassets in Resources */,
			);
			runOnlyForDeploymentPostprocessing = 0;
		};
		E14177291DE00E550047731E /* Resources */ = {
			isa = PBXResourcesBuildPhase;
			buildActionMask = 2147483647;
			files = (
			);
			runOnlyForDeploymentPostprocessing = 0;
		};
		E14177341DE00E550047731E /* Resources */ = {
			isa = PBXResourcesBuildPhase;
			buildActionMask = 2147483647;
			files = (
			);
			runOnlyForDeploymentPostprocessing = 0;
		};
/* End PBXResourcesBuildPhase section */

/* Begin PBXSourcesBuildPhase section */
		E14177131DE00E550047731E /* Sources */ = {
			isa = PBXSourcesBuildPhase;
			buildActionMask = 2147483647;
			files = (
				E141775D1DE01B7C0047731E /* PhotoBoardView.swift in Sources */,
				E14177601DE01CA00047731E /* ZoomedPhotoViewController.swift in Sources */,
				E14177591DE013700047731E /* Photo.swift in Sources */,
				E14177571DE012E50047731E /* PinterestLayout.swift in Sources */,
				E141771D1DE00E550047731E /* PhotoCollectionViewController.swift in Sources */,
				E14177641DE01F6E0047731E /* UIImage+Decompression.swift in Sources */,
				E141771B1DE00E550047731E /* AppDelegate.swift in Sources */,
				E141775B1DE019E00047731E /* AnnotatedPhotoCell.swift in Sources */,
			);
			runOnlyForDeploymentPostprocessing = 0;
		};
		E14177271DE00E550047731E /* Sources */ = {
			isa = PBXSourcesBuildPhase;
			buildActionMask = 2147483647;
			files = (
				E14177301DE00E550047731E /* PracticePintarestTests.swift in Sources */,
			);
			runOnlyForDeploymentPostprocessing = 0;
		};
		E14177321DE00E550047731E /* Sources */ = {
			isa = PBXSourcesBuildPhase;
			buildActionMask = 2147483647;
			files = (
				E141773B1DE00E550047731E /* PracticePinterestUITests.swift in Sources */,
			);
			runOnlyForDeploymentPostprocessing = 0;
		};
/* End PBXSourcesBuildPhase section */

/* Begin PBXTargetDependency section */
		E141772D1DE00E550047731E /* PBXTargetDependency */ = {
			isa = PBXTargetDependency;
			target = E14177161DE00E550047731E /* PracticePinterest */;
			targetProxy = E141772C1DE00E550047731E /* PBXContainerItemProxy */;
		};
		E14177381DE00E550047731E /* PBXTargetDependency */ = {
			isa = PBXTargetDependency;
			target = E14177161DE00E550047731E /* PracticePinterest */;
			targetProxy = E14177371DE00E550047731E /* PBXContainerItemProxy */;
		};
/* End PBXTargetDependency section */

/* Begin PBXVariantGroup section */
		E141771E1DE00E550047731E /* Main.storyboard */ = {
			isa = PBXVariantGroup;
			children = (
				E141771F1DE00E550047731E /* Base */,
			);
			name = Main.storyboard;
			sourceTree = "<group>";
		};
		E14177231DE00E550047731E /* LaunchScreen.storyboard */ = {
			isa = PBXVariantGroup;
			children = (
				E14177241DE00E550047731E /* Base */,
			);
			name = LaunchScreen.storyboard;
			sourceTree = "<group>";
		};
/* End PBXVariantGroup section */

/* Begin XCBuildConfiguration section */
		E141773D1DE00E550047731E /* Debug */ = {
			isa = XCBuildConfiguration;
			buildSettings = {
				ALWAYS_SEARCH_USER_PATHS = NO;
				CLANG_ANALYZER_NONNULL = YES;
				CLANG_CXX_LANGUAGE_STANDARD = "gnu++0x";
				CLANG_CXX_LIBRARY = "libc++";
				CLANG_ENABLE_MODULES = YES;
				CLANG_ENABLE_OBJC_ARC = YES;
				CLANG_WARN_BOOL_CONVERSION = YES;
				CLANG_WARN_CONSTANT_CONVERSION = YES;
				CLANG_WARN_DIRECT_OBJC_ISA_USAGE = YES_ERROR;
				CLANG_WARN_EMPTY_BODY = YES;
				CLANG_WARN_ENUM_CONVERSION = YES;
				CLANG_WARN_INT_CONVERSION = YES;
				CLANG_WARN_OBJC_ROOT_CLASS = YES_ERROR;
				CLANG_WARN_UNREACHABLE_CODE = YES;
				CLANG_WARN__DUPLICATE_METHOD_MATCH = YES;
				"CODE_SIGN_IDENTITY[sdk=iphoneos*]" = "iPhone Developer";
				COPY_PHASE_STRIP = NO;
				DEBUG_INFORMATION_FORMAT = dwarf;
				ENABLE_STRICT_OBJC_MSGSEND = YES;
				ENABLE_TESTABILITY = YES;
				GCC_C_LANGUAGE_STANDARD = gnu99;
				GCC_DYNAMIC_NO_PIC = NO;
				GCC_NO_COMMON_BLOCKS = YES;
				GCC_OPTIMIZATION_LEVEL = 0;
				GCC_PREPROCESSOR_DEFINITIONS = (
					"DEBUG=1",
					"$(inherited)",
				);
				GCC_WARN_64_TO_32_BIT_CONVERSION = YES;
				GCC_WARN_ABOUT_RETURN_TYPE = YES_ERROR;
				GCC_WARN_UNDECLARED_SELECTOR = YES;
				GCC_WARN_UNINITIALIZED_AUTOS = YES_AGGRESSIVE;
				GCC_WARN_UNUSED_FUNCTION = YES;
				GCC_WARN_UNUSED_VARIABLE = YES;
				IPHONEOS_DEPLOYMENT_TARGET = 9.3;
				MTL_ENABLE_DEBUG_INFO = YES;
				ONLY_ACTIVE_ARCH = YES;
				SDKROOT = iphoneos;
				SWIFT_OPTIMIZATION_LEVEL = "-Onone";
			};
			name = Debug;
		};
		E141773E1DE00E550047731E /* Release */ = {
			isa = XCBuildConfiguration;
			buildSettings = {
				ALWAYS_SEARCH_USER_PATHS = NO;
				CLANG_ANALYZER_NONNULL = YES;
				CLANG_CXX_LANGUAGE_STANDARD = "gnu++0x";
				CLANG_CXX_LIBRARY = "libc++";
				CLANG_ENABLE_MODULES = YES;
				CLANG_ENABLE_OBJC_ARC = YES;
				CLANG_WARN_BOOL_CONVERSION = YES;
				CLANG_WARN_CONSTANT_CONVERSION = YES;
				CLANG_WARN_DIRECT_OBJC_ISA_USAGE = YES_ERROR;
				CLANG_WARN_EMPTY_BODY = YES;
				CLANG_WARN_ENUM_CONVERSION = YES;
				CLANG_WARN_INT_CONVERSION = YES;
				CLANG_WARN_OBJC_ROOT_CLASS = YES_ERROR;
				CLANG_WARN_UNREACHABLE_CODE = YES;
				CLANG_WARN__DUPLICATE_METHOD_MATCH = YES;
				"CODE_SIGN_IDENTITY[sdk=iphoneos*]" = "iPhone Developer";
				COPY_PHASE_STRIP = NO;
				DEBUG_INFORMATION_FORMAT = "dwarf-with-dsym";
				ENABLE_NS_ASSERTIONS = NO;
				ENABLE_STRICT_OBJC_MSGSEND = YES;
				GCC_C_LANGUAGE_STANDARD = gnu99;
				GCC_NO_COMMON_BLOCKS = YES;
				GCC_WARN_64_TO_32_BIT_CONVERSION = YES;
				GCC_WARN_ABOUT_RETURN_TYPE = YES_ERROR;
				GCC_WARN_UNDECLARED_SELECTOR = YES;
				GCC_WARN_UNINITIALIZED_AUTOS = YES_AGGRESSIVE;
				GCC_WARN_UNUSED_FUNCTION = YES;
				GCC_WARN_UNUSED_VARIABLE = YES;
				IPHONEOS_DEPLOYMENT_TARGET = 9.3;
				MTL_ENABLE_DEBUG_INFO = NO;
				SDKROOT = iphoneos;
				VALIDATE_PRODUCT = YES;
			};
			name = Release;
		};
		E14177401DE00E550047731E /* Debug */ = {
			isa = XCBuildConfiguration;
			buildSettings = {
				ASSETCATALOG_COMPILER_APPICON_NAME = AppIcon;
				CODE_SIGN_IDENTITY = "iPhone Developer";
				"CODE_SIGN_IDENTITY[sdk=iphoneos*]" = "iPhone Developer";
				INFOPLIST_FILE = PracticePintarest/Info.plist;
				LD_RUNPATH_SEARCH_PATHS = "$(inherited) @executable_path/Frameworks";
				PRODUCT_BUNDLE_IDENTIFIER = jp.kohei.PracticePinterest;
				PRODUCT_NAME = PracticePinterest;
				PROVISIONING_PROFILE = "";
			};
			name = Debug;
		};
		E14177411DE00E550047731E /* Release */ = {
			isa = XCBuildConfiguration;
			buildSettings = {
				ASSETCATALOG_COMPILER_APPICON_NAME = AppIcon;
				CODE_SIGN_IDENTITY = "iPhone Developer";
				"CODE_SIGN_IDENTITY[sdk=iphoneos*]" = "iPhone Developer";
				INFOPLIST_FILE = PracticePintarest/Info.plist;
				LD_RUNPATH_SEARCH_PATHS = "$(inherited) @executable_path/Frameworks";
				PRODUCT_BUNDLE_IDENTIFIER = jp.kohei.PracticePinterest;
				PRODUCT_NAME = PracticePinterest;
				PROVISIONING_PROFILE = "";
			};
			name = Release;
		};
		E14177431DE00E550047731E /* Debug */ = {
			isa = XCBuildConfiguration;
			buildSettings = {
				BUNDLE_LOADER = "$(TEST_HOST)";
				INFOPLIST_FILE = PracticePintarestTests/Info.plist;
				LD_RUNPATH_SEARCH_PATHS = "$(inherited) @executable_path/Frameworks @loader_path/Frameworks";
				PRODUCT_BUNDLE_IDENTIFIER = jp.kohei.PracticePintarestTests;
				PRODUCT_NAME = PracticePinterest;
				TEST_HOST = "$(BUILT_PRODUCTS_DIR)/PracticePinterest.app/PracticePinterest";
			};
			name = Debug;
		};
		E14177441DE00E550047731E /* Release */ = {
			isa = XCBuildConfiguration;
			buildSettings = {
				BUNDLE_LOADER = "$(TEST_HOST)";
				INFOPLIST_FILE = PracticePintarestTests/Info.plist;
				LD_RUNPATH_SEARCH_PATHS = "$(inherited) @executable_path/Frameworks @loader_path/Frameworks";
				PRODUCT_BUNDLE_IDENTIFIER = jp.kohei.PracticePintarestTests;
				PRODUCT_NAME = PracticePinterest;
				TEST_HOST = "$(BUILT_PRODUCTS_DIR)/PracticePinterest.app/PracticePinterest";
			};
			name = Release;
		};
		E14177461DE00E550047731E /* Debug */ = {
			isa = XCBuildConfiguration;
			buildSettings = {
				INFOPLIST_FILE = PracticePintarestUITests/Info.plist;
				LD_RUNPATH_SEARCH_PATHS = "$(inherited) @executable_path/Frameworks @loader_path/Frameworks";
				PRODUCT_BUNDLE_IDENTIFIER = jp.kohei.PracticePintarestUITests;
				PRODUCT_NAME = PracticePinterest;
				TEST_TARGET_NAME = PracticePintarest;
			};
			name = Debug;
		};
		E14177471DE00E550047731E /* Release */ = {
			isa = XCBuildConfiguration;
			buildSettings = {
				INFOPLIST_FILE = PracticePintarestUITests/Info.plist;
				LD_RUNPATH_SEARCH_PATHS = "$(inherited) @executable_path/Frameworks @loader_path/Frameworks";
				PRODUCT_BUNDLE_IDENTIFIER = jp.kohei.PracticePintarestUITests;
				PRODUCT_NAME = PracticePinterest;
				TEST_TARGET_NAME = PracticePintarest;
			};
			name = Release;
		};
/* End XCBuildConfiguration section */

/* Begin XCConfigurationList section */
		E14177121DE00E550047731E /* Build configuration list for PBXProject "PracticePinterest" */ = {
			isa = XCConfigurationList;
			buildConfigurations = (
				E141773D1DE00E550047731E /* Debug */,
				E141773E1DE00E550047731E /* Release */,
			);
			defaultConfigurationIsVisible = 0;
			defaultConfigurationName = Release;
		};
		E141773F1DE00E550047731E /* Build configuration list for PBXNativeTarget "PracticePinterest" */ = {
			isa = XCConfigurationList;
			buildConfigurations = (
				E14177401DE00E550047731E /* Debug */,
				E14177411DE00E550047731E /* Release */,
			);
			defaultConfigurationIsVisible = 0;
		};
		E14177421DE00E550047731E /* Build configuration list for PBXNativeTarget "PracticePinterestTests" */ = {
			isa = XCConfigurationList;
			buildConfigurations = (
				E14177431DE00E550047731E /* Debug */,
				E14177441DE00E550047731E /* Release */,
			);
			defaultConfigurationIsVisible = 0;
		};
		E14177451DE00E550047731E /* Build configuration list for PBXNativeTarget "PracticePinterestUITests" */ = {
			isa = XCConfigurationList;
			buildConfigurations = (
				E14177461DE00E550047731E /* Debug */,
				E14177471DE00E550047731E /* Release */,
			);
			defaultConfigurationIsVisible = 0;
		};
/* End XCConfigurationList section */
	};
	rootObject = E141770F1DE00E550047731E /* Project object */;
}
